
Microsoft Visual Studio Solution File, Format Version 12.00
# Visual Studio 2013
VisualStudioVersion = 12.0.30501.0
MinimumVisualStudioVersion = 10.0.40219.1
Project("{8BC9CEB8-8B4A-11D0-8D11-00A0C91BC942}") = "E1_1", "E1_1\E1_1.vcxproj", "{E18EBD64-B76E-4F25-A7F8-1C8F658E0FAC}"
EndProject
Project("{8BC9CEB8-8B4A-11D0-8D11-00A0C91BC942}") = "E1_3", "E1_3\E1_3.vcxproj", "{73D80EC2-C83F-4087-ACE9-F6222891A8DC}"
EndProject
Project("{8BC9CEB8-8B4A-11D0-8D11-00A0C91BC942}") = "E1_2", "E1_2\E1_2.vcxproj", "{5F4AB615-1962-4BC2-83F1-6D54C18A6281}"
EndProject
Project("{8BC9CEB8-8B4A-11D0-8D11-00A0C91BC942}") = "E2_1", "E2_1\E2_1.vcxproj", "{86610E66-1A99-4691-9B10-C65677B1490E}"
EndProject
Project("{8BC9CEB8-8B4A-11D0-8D11-00A0C91BC942}") = "E3_1", "E3_1\E3_1.vcxproj", "{4475C3BE-3AC6-4670-9542-7CD3944D3435}"
EndProject
Project("{8BC9CEB8-8B4A-11D0-8D11-00A0C91BC942}") = "E4", "E4\E4.vcxproj", "{0E3E4D6D-2BB6-42E5-BB40-A5915F1C6D77}"
EndProject
Project("{8BC9CEB8-8B4A-11D0-8D11-00A0C91BC942}") = "E5", "E5\E5.vcxproj", "{BC9799C8-6500-4220-A190-50E9D8A6BC1A}"
EndProject
Project("{8BC9CEB8-8B4A-11D0-8D11-00A0C91BC942}") = "E6", "E6\E6.vcxproj", "{7BA9B5A1-4722-4D62-BF31-54157850B343}"
EndProject
Project("{8BC9CEB8-8B4A-11D0-8D11-00A0C91BC942}") = "E7", "E7\E7.vcxproj", "{5A816A08-099C-48E2-B243-5A412E1DBBE2}"
EndProject
Global
	GlobalSection(SolutionConfigurationPlatforms) = preSolution
		Debug|Any CPU = Debug|Any CPU
		Debug|Mixed Platforms = Debug|Mixed Platforms
		Debug|Win32 = Debug|Win32
		Release|Any CPU = Release|Any CPU
		Release|Mixed Platforms = Release|Mixed Platforms
		Release|Win32 = Release|Win32
	EndGlobalSection
	GlobalSection(ProjectConfigurationPlatforms) = postSolution
		{E18EBD64-B76E-4F25-A7F8-1C8F658E0FAC}.Debug|Any CPU.ActiveCfg = Debug|Win32
		{E18EBD64-B76E-4F25-A7F8-1C8F658E0FAC}.Debug|Mixed Platforms.ActiveCfg = Debug|Win32
		{E18EBD64-B76E-4F25-A7F8-1C8F658E0FAC}.Debug|Mixed Platforms.Build.0 = Debug|Win32
		{E18EBD64-B76E-4F25-A7F8-1C8F658E0FAC}.Debug|Win32.ActiveCfg = Debug|Win32
		{E18EBD64-B76E-4F25-A7F8-1C8F658E0FAC}.Debug|Win32.Build.0 = Debug|Win32
		{E18EBD64-B76E-4F25-A7F8-1C8F658E0FAC}.Release|Any CPU.ActiveCfg = Release|Win32
		{E18EBD64-B76E-4F25-A7F8-1C8F658E0FAC}.Release|Mixed Platforms.ActiveCfg = Release|Win32
		{E18EBD64-B76E-4F25-A7F8-1C8F658E0FAC}.Release|Mixed Platforms.Build.0 = Release|Win32
		{E18EBD64-B76E-4F25-A7F8-1C8F658E0FAC}.Release|Win32.ActiveCfg = Release|Win32
		{E18EBD64-B76E-4F25-A7F8-1C8F658E0FAC}.Release|Win32.Build.0 = Release|Win32
		{73D80EC2-C83F-4087-ACE9-F6222891A8DC}.Debug|Any CPU.ActiveCfg = Debug|Win32
		{73D80EC2-C83F-4087-ACE9-F6222891A8DC}.Debug|Mixed Platforms.ActiveCfg = Debug|Win32
		{73D80EC2-C83F-4087-ACE9-F6222891A8DC}.Debug|Mixed Platforms.Build.0 = Debug|Win32
		{73D80EC2-C83F-4087-ACE9-F6222891A8DC}.Debug|Win32.ActiveCfg = Debug|Win32
		{73D80EC2-C83F-4087-ACE9-F6222891A8DC}.Debug|Win32.Build.0 = Debug|Win32
		{73D80EC2-C83F-4087-ACE9-F6222891A8DC}.Release|Any CPU.ActiveCfg = Release|Win32
		{73D80EC2-C83F-4087-ACE9-F6222891A8DC}.Release|Mixed Platforms.ActiveCfg = Release|Win32
		{73D80EC2-C83F-4087-ACE9-F6222891A8DC}.Release|Mixed Platforms.Build.0 = Release|Win32
		{73D80EC2-C83F-4087-ACE9-F6222891A8DC}.Release|Win32.ActiveCfg = Release|Win32
		{73D80EC2-C83F-4087-ACE9-F6222891A8DC}.Release|Win32.Build.0 = Release|Win32
		{5F4AB615-1962-4BC2-83F1-6D54C18A6281}.Debug|Any CPU.ActiveCfg = Debug|Win32
		{5F4AB615-1962-4BC2-83F1-6D54C18A6281}.Debug|Mixed Platforms.ActiveCfg = Debug|Win32
		{5F4AB615-1962-4BC2-83F1-6D54C18A6281}.Debug|Mixed Platforms.Build.0 = Debug|Win32
		{5F4AB615-1962-4BC2-83F1-6D54C18A6281}.Debug|Win32.ActiveCfg = Debug|Win32
		{5F4AB615-1962-4BC2-83F1-6D54C18A6281}.Debug|Win32.Build.0 = Debug|Win32
		{5F4AB615-1962-4BC2-83F1-6D54C18A6281}.Release|Any CPU.ActiveCfg = Release|Win32
		{5F4AB615-1962-4BC2-83F1-6D54C18A6281}.Release|Mixed Platforms.ActiveCfg = Release|Win32
		{5F4AB615-1962-4BC2-83F1-6D54C18A6281}.Release|Mixed Platforms.Build.0 = Release|Win32
		{5F4AB615-1962-4BC2-83F1-6D54C18A6281}.Release|Win32.ActiveCfg = Release|Win32
		{5F4AB615-1962-4BC2-83F1-6D54C18A6281}.Release|Win32.Build.0 = Release|Win32
		{86610E66-1A99-4691-9B10-C65677B1490E}.Debug|Any CPU.ActiveCfg = Debug|Win32
		{86610E66-1A99-4691-9B10-C65677B1490E}.Debug|Mixed Platforms.ActiveCfg = Debug|Win32
		{86610E66-1A99-4691-9B10-C65677B1490E}.Debug|Mixed Platforms.Build.0 = Debug|Win32
		{86610E66-1A99-4691-9B10-C65677B1490E}.Debug|Win32.ActiveCfg = Debug|Win32
		{86610E66-1A99-4691-9B10-C65677B1490E}.Debug|Win32.Build.0 = Debug|Win32
		{86610E66-1A99-4691-9B10-C65677B1490E}.Release|Any CPU.ActiveCfg = Release|Win32
		{86610E66-1A99-4691-9B10-C65677B1490E}.Release|Mixed Platforms.ActiveCfg = Release|Win32
		{86610E66-1A99-4691-9B10-C65677B1490E}.Release|Mixed Platforms.Build.0 = Release|Win32
		{86610E66-1A99-4691-9B10-C65677B1490E}.Release|Win32.ActiveCfg = Release|Win32
		{86610E66-1A99-4691-9B10-C65677B1490E}.Release|Win32.Build.0 = Release|Win32
		{4475C3BE-3AC6-4670-9542-7CD3944D3435}.Debug|Any CPU.ActiveCfg = Debug|Win32
		{4475C3BE-3AC6-4670-9542-7CD3944D3435}.Debug|Mixed Platforms.ActiveCfg = Debug|Win32
		{4475C3BE-3AC6-4670-9542-7CD3944D3435}.Debug|Mixed Platforms.Build.0 = Debug|Win32
		{4475C3BE-3AC6-4670-9542-7CD3944D3435}.Debug|Win32.ActiveCfg = Debug|Win32
		{4475C3BE-3AC6-4670-9542-7CD3944D3435}.Debug|Win32.Build.0 = Debug|Win32
		{4475C3BE-3AC6-4670-9542-7CD3944D3435}.Release|Any CPU.ActiveCfg = Release|Win32
		{4475C3BE-3AC6-4670-9542-7CD3944D3435}.Release|Mixed Platforms.ActiveCfg = Release|Win32
		{4475C3BE-3AC6-4670-9542-7CD3944D3435}.Release|Mixed Platforms.Build.0 = Release|Win32
		{4475C3BE-3AC6-4670-9542-7CD3944D3435}.Release|Win32.ActiveCfg = Release|Win32
		{4475C3BE-3AC6-4670-9542-7CD3944D3435}.Release|Win32.Build.0 = Release|Win32
		{0E3E4D6D-2BB6-42E5-BB40-A5915F1C6D77}.Debug|Any CPU.ActiveCfg = Debug|Win32
		{0E3E4D6D-2BB6-42E5-BB40-A5915F1C6D77}.Debug|Mixed Platforms.ActiveCfg = Debug|Win32
		{0E3E4D6D-2BB6-42E5-BB40-A5915F1C6D77}.Debug|Mixed Platforms.Build.0 = Debug|Win32
		{0E3E4D6D-2BB6-42E5-BB40-A5915F1C6D77}.Debug|Win32.ActiveCfg = Debug|Win32
		{0E3E4D6D-2BB6-42E5-BB40-A5915F1C6D77}.Debug|Win32.Build.0 = Debug|Win32
		{0E3E4D6D-2BB6-42E5-BB40-A5915F1C6D77}.Release|Any CPU.ActiveCfg = Release|Win32
		{0E3E4D6D-2BB6-42E5-BB40-A5915F1C6D77}.Release|Mixed Platforms.ActiveCfg = Release|Win32
		{0E3E4D6D-2BB6-42E5-BB40-A5915F1C6D77}.Release|Mixed Platforms.Build.0 = Release|Win32
		{0E3E4D6D-2BB6-42E5-BB40-A5915F1C6D77}.Release|Win32.ActiveCfg = Release|Win32
		{0E3E4D6D-2BB6-42E5-BB40-A5915F1C6D77}.Release|Win32.Build.0 = Release|Win32
		{BC9799C8-6500-4220-A190-50E9D8A6BC1A}.Debug|Any CPU.ActiveCfg = Debug|Win32
		{BC9799C8-6500-4220-A190-50E9D8A6BC1A}.Debug|Mixed Platforms.ActiveCfg = Debug|Win32
		{BC9799C8-6500-4220-A190-50E9D8A6BC1A}.Debug|Mixed Platforms.Build.0 = Debug|Win32
		{BC9799C8-6500-4220-A190-50E9D8A6BC1A}.Debug|Win32.ActiveCfg = Debug|Win32
		{BC9799C8-6500-4220-A190-50E9D8A6BC1A}.Debug|Win32.Build.0 = Debug|Win32
		{BC9799C8-6500-4220-A190-50E9D8A6BC1A}.Release|Any CPU.ActiveCfg = Release|Win32
		{BC9799C8-6500-4220-A190-50E9D8A6BC1A}.Release|Mixed Platforms.ActiveCfg = Release|Win32
		{BC9799C8-6500-4220-A190-50E9D8A6BC1A}.Release|Mixed Platforms.Build.0 = Release|Win32
		{BC9799C8-6500-4220-A190-50E9D8A6BC1A}.Release|Win32.ActiveCfg = Release|Win32
		{BC9799C8-6500-4220-A190-50E9D8A6BC1A}.Release|Win32.Build.0 = Release|Win32
		{7BA9B5A1-4722-4D62-BF31-54157850B343}.Debug|Any CPU.ActiveCfg = Debug|Win32
		{7BA9B5A1-4722-4D62-BF31-54157850B343}.Debug|Mixed Platforms.ActiveCfg = Debug|Win32
		{7BA9B5A1-4722-4D62-BF31-54157850B343}.Debug|Mixed Platforms.Build.0 = Debug|Win32
		{7BA9B5A1-4722-4D62-BF31-54157850B343}.Debug|Win32.ActiveCfg = Debug|Win32
		{7BA9B5A1-4722-4D62-BF31-54157850B343}.Debug|Win32.Build.0 = Debug|Win32
		{7BA9B5A1-4722-4D62-BF31-54157850B343}.Release|Any CPU.ActiveCfg = Release|Win32
		{7BA9B5A1-4722-4D62-BF31-54157850B343}.Release|Mixed Platforms.ActiveCfg = Release|Win32
		{7BA9B5A1-4722-4D62-BF31-54157850B343}.Release|Mixed Platforms.Build.0 = Release|Win32
		{7BA9B5A1-4722-4D62-BF31-54157850B343}.Release|Win32.ActiveCfg = Release|Win32
		{7BA9B5A1-4722-4D62-BF31-54157850B343}.Release|Win32.Build.0 = Release|Win32
		{5A816A08-099C-48E2-B243-5A412E1DBBE2}.Debug|Any CPU.ActiveCfg = Debug|Win32
		{5A816A08-099C-48E2-B243-5A412E1DBBE2}.Debug|Mixed Platforms.ActiveCfg = Debug|Win32
		{5A816A08-099C-48E2-B243-5A412E1DBBE2}.Debug|Mixed Platforms.Build.0 = Debug|Win32
		{5A816A08-099C-48E2-B243-5A412E1DBBE2}.Debug|Win32.ActiveCfg = Debug|Win32
		{5A816A08-099C-48E2-B243-5A412E1DBBE2}.Debug|Win32.Build.0 = Debug|Win32
		{5A816A08-099C-48E2-B243-5A412E1DBBE2}.Release|Any CPU.ActiveCfg = Release|Win32
		{5A816A08-099C-48E2-B243-5A412E1DBBE2}.Release|Mixed Platforms.ActiveCfg = Release|Win32
		{5A816A08-099C-48E2-B243-5A412E1DBBE2}.Release|Mixed Platforms.Build.0 = Release|Win32
		{5A816A08-099C-48E2-B243-5A412E1DBBE2}.Release|Win32.ActiveCfg = Release|Win32
		{5A816A08-099C-48E2-B243-5A412E1DBBE2}.Release|Win32.Build.0 = Release|Win32
	EndGlobalSection
	GlobalSection(SolutionProperties) = preSolution
		HideSolutionNode = FALSE
	EndGlobalSection
EndGlobal
